dependencies:
- name: kibana
  repository: https://charts.bitnami.com/bitnami
  version: 10.4.1
- name: mongodb
  repository: https://charts.bitnami.com/bitnami
  version: 12.1.31
- name: redis
  repository: https://charts.bitnami.com/bitnami
  version: 17.11.3
- name: elasticsearch
  repository: https://charts.bitnami.com/bitnami
  version: 19.8.1
- name: logstash
  repository: https://charts.bitnami.com/bitnami
  version: 5.4.3
digest: sha256:a04df1d09e6e63784daef84634ef0d7e668d1c3d709c3c3e160ecc7dc90b3f2e
generated: "2024-12-30T18:39:17.824891+05:30"
